
Microsoft Visual Studio Solution File, Format Version 12.00
# Visual Studio Version 17
VisualStudioVersion = 17.2.32505.173
MinimumVisualStudioVersion = 10.0.40219.1
Project("{2150E333-8FDC-42A3-9474-1A3956D46DE8}") = "src", "src", "{AA3515B1-1651-43B7-85C1-D308B854977E}"
EndProject
Project("{2150E333-8FDC-42A3-9474-1A3956D46DE8}") = "Solution Items", "Solution Items", "{D6332A68-C65B-4626-948F-87BAFC9A16EE}"
	ProjectSection(SolutionItems) = preProject
		ServiceUrls.txt = ServiceUrls.txt
	EndProjectSection
EndProject
Project("{2150E333-8FDC-42A3-9474-1A3956D46DE8}") = "ApiGateways", "ApiGateways", "{39902ABB-4A08-4BFA-B111-DA19BA545444}"
EndProject
Project("{2150E333-8FDC-42A3-9474-1A3956D46DE8}") = "BuildingBlocks", "BuildingBlocks", "{22285D9C-FBE9-4461-A214-DCDC008C8BC4}"
EndProject
Project("{2150E333-8FDC-42A3-9474-1A3956D46DE8}") = "Services", "Services", "{93666A9F-B40A-4AC4-A52B-256BFE10A15A}"
EndProject
Project("{2150E333-8FDC-42A3-9474-1A3956D46DE8}") = "Clients", "Clients", "{C069D502-4C7C-4521-ACBB-9204D67BF3C4}"
EndProject
Project("{2150E333-8FDC-42A3-9474-1A3956D46DE8}") = "WebApiGateway", "WebApiGateway", "{069AE2CF-1AA5-4531-9C17-83F93C49CD1C}"
EndProject
Project("{FAE04EC0-301F-11D3-BF4B-00C04F79EFBC}") = "Web.ApiGateway", "src\ApiGateways\WebApiGateway\Web.ApiGateway\Web.ApiGateway.csproj", "{C928E165-5B01-478D-9319-989316DEC270}"
EndProject
Project("{2150E333-8FDC-42A3-9474-1A3956D46DE8}") = "EventBus", "EventBus", "{E05B2E3F-D420-48E3-93F8-6351CE8B7E27}"
EndProject
Project("{FAE04EC0-301F-11D3-BF4B-00C04F79EFBC}") = "EventBus.Base", "src\BuildingBlocks\EventBus\EventBus.Base\EventBus.Base.csproj", "{4E76A43F-DAB8-4882-9AB6-20A928869BC7}"
EndProject
Project("{FAE04EC0-301F-11D3-BF4B-00C04F79EFBC}") = "EventBus.Factory", "src\BuildingBlocks\EventBus\EventBus.Factory\EventBus.Factory.csproj", "{F25228FB-3C3B-4E3C-B8FC-1A010E939CB6}"
EndProject
Project("{FAE04EC0-301F-11D3-BF4B-00C04F79EFBC}") = "EventBus.AzureServiceBus", "src\BuildingBlocks\EventBus\EventBus.AzureServiceBus\EventBus.AzureServiceBus.csproj", "{667B6FD8-831E-4ECB-B62D-6CDA5BAA383B}"
EndProject
Project("{FAE04EC0-301F-11D3-BF4B-00C04F79EFBC}") = "EventBus.RabbitMQ", "src\BuildingBlocks\EventBus\EventBus.RabbitMQ\EventBus.RabbitMQ.csproj", "{675E11CF-DB6B-44A2-A842-56883C582524}"
EndProject
Project("{2150E333-8FDC-42A3-9474-1A3956D46DE8}") = "BlazorWebApp", "BlazorWebApp", "{CAEF8276-56C9-4FC0-BB7E-E87EAC19EFA0}"
EndProject
Project("{FAE04EC0-301F-11D3-BF4B-00C04F79EFBC}") = "WebApp", "src\Client\BlazorWebApp\WebApp\WebApp.csproj", "{AEBB38DA-F6F9-465E-AF1C-ACF1F7A91404}"
EndProject
Project("{2150E333-8FDC-42A3-9474-1A3956D46DE8}") = "BasketService", "BasketService", "{FE42CD0D-D611-4BC0-B3FD-53A234E4F57F}"
EndProject
Project("{FAE04EC0-301F-11D3-BF4B-00C04F79EFBC}") = "BasketService.Api", "src\Services\BasketService\BasketService.Api\BasketService.Api.csproj", "{231FF41D-517A-4D8B-A704-EDF804FC68B8}"
EndProject
Project("{2150E333-8FDC-42A3-9474-1A3956D46DE8}") = "CatalogService", "CatalogService", "{8CBE6AA4-DD2E-449D-9011-728A03D11CCB}"
EndProject
Project("{FAE04EC0-301F-11D3-BF4B-00C04F79EFBC}") = "CatalogService.Api", "src\Services\CatalogService\CatalogService.Api\CatalogService.Api.csproj", "{1EEECF97-95CB-4369-B644-A1F2542324A6}"
EndProject
Project("{2150E333-8FDC-42A3-9474-1A3956D46DE8}") = "IdentityService", "IdentityService", "{5237223D-3E35-416E-816D-CD5423BE9312}"
EndProject
Project("{FAE04EC0-301F-11D3-BF4B-00C04F79EFBC}") = "IdentityService.Api", "src\Services\IdentityService\IdentityService.Api\IdentityService.Api.csproj", "{9D875BA3-1CA4-49C4-A7F1-0627DEBA4B62}"
EndProject
Project("{2150E333-8FDC-42A3-9474-1A3956D46DE8}") = "NotificationService", "NotificationService", "{A55FBCB0-7E96-47D3-AA46-B78DF29D913E}"
EndProject
Project("{FAE04EC0-301F-11D3-BF4B-00C04F79EFBC}") = "NotificationService", "src\Services\NotificationService\NotificationService\NotificationService.csproj", "{6D936FEA-2A41-4A3B-8FBA-580E8400AADF}"
EndProject
Project("{2150E333-8FDC-42A3-9474-1A3956D46DE8}") = "OrderService", "OrderService", "{587B19B8-1AEF-46C1-81DA-45D9AC004533}"
EndProject
Project("{FAE04EC0-301F-11D3-BF4B-00C04F79EFBC}") = "OrderService.Domain", "src\Services\OrderService\OrderService.Domain\OrderService.Domain.csproj", "{F311291E-C03A-4310-9D8A-58CDDDCBB2C5}"
EndProject
Project("{FAE04EC0-301F-11D3-BF4B-00C04F79EFBC}") = "OrderService.Application", "src\Services\OrderService\OrderService.Application\OrderService.Application.csproj", "{E96158BC-A085-406D-A512-E49ADF1195EB}"
EndProject
Project("{FAE04EC0-301F-11D3-BF4B-00C04F79EFBC}") = "OrderService.Infrastructure", "src\Services\OrderService\OrderService.Infrastructure\OrderService.Infrastructure.csproj", "{AAD1CE87-49E3-498B-9C0E-FEA6AB349310}"
EndProject
Project("{FAE04EC0-301F-11D3-BF4B-00C04F79EFBC}") = "OrderService.Api", "src\Services\OrderService\OrderService.Api\OrderService.Api.csproj", "{36EEDA5E-10B1-49CC-B70F-B88C5ACDFFA5}"
EndProject
Project("{2150E333-8FDC-42A3-9474-1A3956D46DE8}") = "PaymentService", "PaymentService", "{4F33CAB4-3AF4-41AD-810F-4FA9BCDD76F1}"
EndProject
Project("{FAE04EC0-301F-11D3-BF4B-00C04F79EFBC}") = "PaymentService.Api", "src\Services\PaymentService\PaymentService.Api\PaymentService.Api.csproj", "{AAE0A73A-0153-4CEB-884B-9D4573D61684}"
EndProject
Global
	GlobalSection(SolutionConfigurationPlatforms) = preSolution
		Debug|Any CPU = Debug|Any CPU
		Release|Any CPU = Release|Any CPU
	EndGlobalSection
	GlobalSection(ProjectConfigurationPlatforms) = postSolution
		{C928E165-5B01-478D-9319-989316DEC270}.Debug|Any CPU.ActiveCfg = Debug|Any CPU
		{C928E165-5B01-478D-9319-989316DEC270}.Debug|Any CPU.Build.0 = Debug|Any CPU
		{C928E165-5B01-478D-9319-989316DEC270}.Release|Any CPU.ActiveCfg = Release|Any CPU
		{C928E165-5B01-478D-9319-989316DEC270}.Release|Any CPU.Build.0 = Release|Any CPU
		{4E76A43F-DAB8-4882-9AB6-20A928869BC7}.Debug|Any CPU.ActiveCfg = Debug|Any CPU
		{4E76A43F-DAB8-4882-9AB6-20A928869BC7}.Debug|Any CPU.Build.0 = Debug|Any CPU
		{4E76A43F-DAB8-4882-9AB6-20A928869BC7}.Release|Any CPU.ActiveCfg = Release|Any CPU
		{4E76A43F-DAB8-4882-9AB6-20A928869BC7}.Release|Any CPU.Build.0 = Release|Any CPU
		{F25228FB-3C3B-4E3C-B8FC-1A010E939CB6}.Debug|Any CPU.ActiveCfg = Debug|Any CPU
		{F25228FB-3C3B-4E3C-B8FC-1A010E939CB6}.Debug|Any CPU.Build.0 = Debug|Any CPU
		{F25228FB-3C3B-4E3C-B8FC-1A010E939CB6}.Release|Any CPU.ActiveCfg = Release|Any CPU
		{F25228FB-3C3B-4E3C-B8FC-1A010E939CB6}.Release|Any CPU.Build.0 = Release|Any CPU
		{667B6FD8-831E-4ECB-B62D-6CDA5BAA383B}.Debug|Any CPU.ActiveCfg = Debug|Any CPU
		{667B6FD8-831E-4ECB-B62D-6CDA5BAA383B}.Debug|Any CPU.Build.0 = Debug|Any CPU
		{667B6FD8-831E-4ECB-B62D-6CDA5BAA383B}.Release|Any CPU.ActiveCfg = Release|Any CPU
		{667B6FD8-831E-4ECB-B62D-6CDA5BAA383B}.Release|Any CPU.Build.0 = Release|Any CPU
		{675E11CF-DB6B-44A2-A842-56883C582524}.Debug|Any CPU.ActiveCfg = Debug|Any CPU
		{675E11CF-DB6B-44A2-A842-56883C582524}.Debug|Any CPU.Build.0 = Debug|Any CPU
		{675E11CF-DB6B-44A2-A842-56883C582524}.Release|Any CPU.ActiveCfg = Release|Any CPU
		{675E11CF-DB6B-44A2-A842-56883C582524}.Release|Any CPU.Build.0 = Release|Any CPU
		{AEBB38DA-F6F9-465E-AF1C-ACF1F7A91404}.Debug|Any CPU.ActiveCfg = Debug|Any CPU
		{AEBB38DA-F6F9-465E-AF1C-ACF1F7A91404}.Debug|Any CPU.Build.0 = Debug|Any CPU
		{AEBB38DA-F6F9-465E-AF1C-ACF1F7A91404}.Release|Any CPU.ActiveCfg = Release|Any CPU
		{AEBB38DA-F6F9-465E-AF1C-ACF1F7A91404}.Release|Any CPU.Build.0 = Release|Any CPU
		{231FF41D-517A-4D8B-A704-EDF804FC68B8}.Debug|Any CPU.ActiveCfg = Debug|Any CPU
		{231FF41D-517A-4D8B-A704-EDF804FC68B8}.Debug|Any CPU.Build.0 = Debug|Any CPU
		{231FF41D-517A-4D8B-A704-EDF804FC68B8}.Release|Any CPU.ActiveCfg = Release|Any CPU
		{231FF41D-517A-4D8B-A704-EDF804FC68B8}.Release|Any CPU.Build.0 = Release|Any CPU
		{1EEECF97-95CB-4369-B644-A1F2542324A6}.Debug|Any CPU.ActiveCfg = Debug|Any CPU
		{1EEECF97-95CB-4369-B644-A1F2542324A6}.Debug|Any CPU.Build.0 = Debug|Any CPU
		{1EEECF97-95CB-4369-B644-A1F2542324A6}.Release|Any CPU.ActiveCfg = Release|Any CPU
		{1EEECF97-95CB-4369-B644-A1F2542324A6}.Release|Any CPU.Build.0 = Release|Any CPU
		{9D875BA3-1CA4-49C4-A7F1-0627DEBA4B62}.Debug|Any CPU.ActiveCfg = Debug|Any CPU
		{9D875BA3-1CA4-49C4-A7F1-0627DEBA4B62}.Debug|Any CPU.Build.0 = Debug|Any CPU
		{9D875BA3-1CA4-49C4-A7F1-0627DEBA4B62}.Release|Any CPU.ActiveCfg = Release|Any CPU
		{9D875BA3-1CA4-49C4-A7F1-0627DEBA4B62}.Release|Any CPU.Build.0 = Release|Any CPU
		{6D936FEA-2A41-4A3B-8FBA-580E8400AADF}.Debug|Any CPU.ActiveCfg = Debug|Any CPU
		{6D936FEA-2A41-4A3B-8FBA-580E8400AADF}.Debug|Any CPU.Build.0 = Debug|Any CPU
		{6D936FEA-2A41-4A3B-8FBA-580E8400AADF}.Release|Any CPU.ActiveCfg = Release|Any CPU
		{6D936FEA-2A41-4A3B-8FBA-580E8400AADF}.Release|Any CPU.Build.0 = Release|Any CPU
		{F311291E-C03A-4310-9D8A-58CDDDCBB2C5}.Debug|Any CPU.ActiveCfg = Debug|Any CPU
		{F311291E-C03A-4310-9D8A-58CDDDCBB2C5}.Debug|Any CPU.Build.0 = Debug|Any CPU
		{F311291E-C03A-4310-9D8A-58CDDDCBB2C5}.Release|Any CPU.ActiveCfg = Release|Any CPU
		{F311291E-C03A-4310-9D8A-58CDDDCBB2C5}.Release|Any CPU.Build.0 = Release|Any CPU
		{E96158BC-A085-406D-A512-E49ADF1195EB}.Debug|Any CPU.ActiveCfg = Debug|Any CPU
		{E96158BC-A085-406D-A512-E49ADF1195EB}.Debug|Any CPU.Build.0 = Debug|Any CPU
		{E96158BC-A085-406D-A512-E49ADF1195EB}.Release|Any CPU.ActiveCfg = Release|Any CPU
		{E96158BC-A085-406D-A512-E49ADF1195EB}.Release|Any CPU.Build.0 = Release|Any CPU
		{AAD1CE87-49E3-498B-9C0E-FEA6AB349310}.Debug|Any CPU.ActiveCfg = Debug|Any CPU
		{AAD1CE87-49E3-498B-9C0E-FEA6AB349310}.Debug|Any CPU.Build.0 = Debug|Any CPU
		{AAD1CE87-49E3-498B-9C0E-FEA6AB349310}.Release|Any CPU.ActiveCfg = Release|Any CPU
		{AAD1CE87-49E3-498B-9C0E-FEA6AB349310}.Release|Any CPU.Build.0 = Release|Any CPU
		{36EEDA5E-10B1-49CC-B70F-B88C5ACDFFA5}.Debug|Any CPU.ActiveCfg = Debug|Any CPU
		{36EEDA5E-10B1-49CC-B70F-B88C5ACDFFA5}.Debug|Any CPU.Build.0 = Debug|Any CPU
		{36EEDA5E-10B1-49CC-B70F-B88C5ACDFFA5}.Release|Any CPU.ActiveCfg = Release|Any CPU
		{36EEDA5E-10B1-49CC-B70F-B88C5ACDFFA5}.Release|Any CPU.Build.0 = Release|Any CPU
		{AAE0A73A-0153-4CEB-884B-9D4573D61684}.Debug|Any CPU.ActiveCfg = Debug|Any CPU
		{AAE0A73A-0153-4CEB-884B-9D4573D61684}.Debug|Any CPU.Build.0 = Debug|Any CPU
		{AAE0A73A-0153-4CEB-884B-9D4573D61684}.Release|Any CPU.ActiveCfg = Release|Any CPU
		{AAE0A73A-0153-4CEB-884B-9D4573D61684}.Release|Any CPU.Build.0 = Release|Any CPU
	EndGlobalSection
	GlobalSection(SolutionProperties) = preSolution
		HideSolutionNode = FALSE
	EndGlobalSection
	GlobalSection(NestedProjects) = preSolution
		{39902ABB-4A08-4BFA-B111-DA19BA545444} = {AA3515B1-1651-43B7-85C1-D308B854977E}
		{22285D9C-FBE9-4461-A214-DCDC008C8BC4} = {AA3515B1-1651-43B7-85C1-D308B854977E}
		{93666A9F-B40A-4AC4-A52B-256BFE10A15A} = {AA3515B1-1651-43B7-85C1-D308B854977E}
		{C069D502-4C7C-4521-ACBB-9204D67BF3C4} = {AA3515B1-1651-43B7-85C1-D308B854977E}
		{069AE2CF-1AA5-4531-9C17-83F93C49CD1C} = {39902ABB-4A08-4BFA-B111-DA19BA545444}
		{C928E165-5B01-478D-9319-989316DEC270} = {069AE2CF-1AA5-4531-9C17-83F93C49CD1C}
		{E05B2E3F-D420-48E3-93F8-6351CE8B7E27} = {22285D9C-FBE9-4461-A214-DCDC008C8BC4}
		{4E76A43F-DAB8-4882-9AB6-20A928869BC7} = {E05B2E3F-D420-48E3-93F8-6351CE8B7E27}
		{F25228FB-3C3B-4E3C-B8FC-1A010E939CB6} = {E05B2E3F-D420-48E3-93F8-6351CE8B7E27}
		{667B6FD8-831E-4ECB-B62D-6CDA5BAA383B} = {E05B2E3F-D420-48E3-93F8-6351CE8B7E27}
		{675E11CF-DB6B-44A2-A842-56883C582524} = {E05B2E3F-D420-48E3-93F8-6351CE8B7E27}
		{CAEF8276-56C9-4FC0-BB7E-E87EAC19EFA0} = {C069D502-4C7C-4521-ACBB-9204D67BF3C4}
		{AEBB38DA-F6F9-465E-AF1C-ACF1F7A91404} = {CAEF8276-56C9-4FC0-BB7E-E87EAC19EFA0}
		{FE42CD0D-D611-4BC0-B3FD-53A234E4F57F} = {93666A9F-B40A-4AC4-A52B-256BFE10A15A}
		{231FF41D-517A-4D8B-A704-EDF804FC68B8} = {FE42CD0D-D611-4BC0-B3FD-53A234E4F57F}
		{8CBE6AA4-DD2E-449D-9011-728A03D11CCB} = {93666A9F-B40A-4AC4-A52B-256BFE10A15A}
		{1EEECF97-95CB-4369-B644-A1F2542324A6} = {8CBE6AA4-DD2E-449D-9011-728A03D11CCB}
		{5237223D-3E35-416E-816D-CD5423BE9312} = {93666A9F-B40A-4AC4-A52B-256BFE10A15A}
		{9D875BA3-1CA4-49C4-A7F1-0627DEBA4B62} = {5237223D-3E35-416E-816D-CD5423BE9312}
		{A55FBCB0-7E96-47D3-AA46-B78DF29D913E} = {93666A9F-B40A-4AC4-A52B-256BFE10A15A}
		{6D936FEA-2A41-4A3B-8FBA-580E8400AADF} = {A55FBCB0-7E96-47D3-AA46-B78DF29D913E}
		{587B19B8-1AEF-46C1-81DA-45D9AC004533} = {93666A9F-B40A-4AC4-A52B-256BFE10A15A}
		{F311291E-C03A-4310-9D8A-58CDDDCBB2C5} = {587B19B8-1AEF-46C1-81DA-45D9AC004533}
		{E96158BC-A085-406D-A512-E49ADF1195EB} = {587B19B8-1AEF-46C1-81DA-45D9AC004533}
		{AAD1CE87-49E3-498B-9C0E-FEA6AB349310} = {587B19B8-1AEF-46C1-81DA-45D9AC004533}
		{36EEDA5E-10B1-49CC-B70F-B88C5ACDFFA5} = {587B19B8-1AEF-46C1-81DA-45D9AC004533}
		{4F33CAB4-3AF4-41AD-810F-4FA9BCDD76F1} = {93666A9F-B40A-4AC4-A52B-256BFE10A15A}
		{AAE0A73A-0153-4CEB-884B-9D4573D61684} = {4F33CAB4-3AF4-41AD-810F-4FA9BCDD76F1}
	EndGlobalSection
	GlobalSection(ExtensibilityGlobals) = postSolution
		SolutionGuid = {B2E54887-97A5-48EB-9E32-9F3300A6F0D2}
	EndGlobalSection
EndGlobal
